<?xml version="1.0" encoding="utf-8"?>
<Project ToolsVersion="4.0" xmlns="http://schemas.microsoft.com/developer/msbuild/2003">
  <ItemGroup>
    <Filter Include="Source Files">
      <UniqueIdentifier>{4FC737F1-C7A5-4376-A066-2A32D752A2FF}</UniqueIdentifier>
      <Extensions>cpp;c;cc;cxx;def;odl;idl;hpj;bat;asm;asmx</Extensions>
    </Filter>
    <Filter Include="Header Files">
      <UniqueIdentifier>{93995380-89BD-4b04-88EB-625FBE52EBFB}</UniqueIdentifier>
      <Extensions>h;hpp;hxx;hm;inl;inc;xsd</Extensions>
    </Filter>
    <Filter Include="Resource Files">
      <UniqueIdentifier>{67DA6AB6-F800-4c08-8B7A-83BB121AAD01}</UniqueIdentifier>
      <Extensions>rc;ico;cur;bmp;dlg;rc2;rct;bin;rgs;gif;jpg;jpeg;jpe;resx;tiff;tif;png;wav;mfcribbon-ms</Extensions>
    </Filter>
    <Filter Include="Header Files\Framework">
      <UniqueIdentifier>{07667b27-3d02-4514-a465-3fd8b26758ff}</UniqueIdentifier>
    </Filter>
    <Filter Include="Source Files\Framework">
      <UniqueIdentifier>{37c19c94-9502-4b2b-b3f1-70fa908b49af}</UniqueIdentifier>
    </Filter>
    <Filter Include="Resource Files\MapData">
      <UniqueIdentifier>{815a660e-ee27-4943-b921-7e14c1e1dd3e}</UniqueIdentifier>
    </Filter>
    <Filter Include="Resource Files\SaveData">
      <UniqueIdentifier>{4633633a-1808-4416-a86e-4475772cc229}</UniqueIdentifier>
    </Filter>
    <Filter Include="Resource Files\MapData\FloorData">
      <UniqueIdentifier>{34450117-4685-403f-8f9e-35ce42999873}</UniqueIdentifier>
    </Filter>
    <Filter Include="Resource Files\MapData\RoomData">
      <UniqueIdentifier>{16fae992-d734-443c-83f6-64f4ad062d66}</UniqueIdentifier>
    </Filter>
  </ItemGroup>
  <ItemGroup>
    <ClCompile Include="main.cpp">
      <Filter>Source Files</Filter>
    </ClCompile>
    <ClCompile Include="Framework\console.cpp">
      <Filter>Source Files\Framework</Filter>
    </ClCompile>
    <ClCompile Include="Framework\timer.cpp">
      <Filter>Source Files\Framework</Filter>
    </ClCompile>
    <ClCompile Include="game.cpp">
      <Filter>Source Files</Filter>
    </ClCompile>
    <ClCompile Include="pellet.cpp">
      <Filter>Source Files</Filter>
    </ClCompile>
    <ClCompile Include="entity.cpp">
      <Filter>Source Files</Filter>
    </ClCompile>
    <ClCompile Include="level.cpp">
      <Filter>Source Files</Filter>
    </ClCompile>
    <ClCompile Include="item.cpp">
      <Filter>Source Files</Filter>
    </ClCompile>
    <ClCompile Include="stat.cpp">
      <Filter>Source Files</Filter>
    </ClCompile>
    <ClCompile Include="enemy.cpp">
      <Filter>Source Files</Filter>
    </ClCompile>
    <ClCompile Include="fileio.cpp">
      <Filter>Source Files</Filter>
    </ClCompile>
    <ClCompile Include="player.cpp">
      <Filter>Source Files</Filter>
    </ClCompile>
    <ClCompile Include="menu.cpp">
      <Filter>Source Files</Filter>
    </ClCompile>
    <ClCompile Include="consumables.cpp">
      <Filter>Source Files</Filter>
    </ClCompile>
  </ItemGroup>
  <ItemGroup>
    <ClInclude Include="Framework\console.h">
      <Filter>Header Files\Framework</Filter>
    </ClInclude>
    <ClInclude Include="Framework\timer.h">
      <Filter>Header Files\Framework</Filter>
    </ClInclude>
    <ClInclude Include="game.h">
      <Filter>Header Files</Filter>
    </ClInclude>
    <ClInclude Include="pellet.h">
      <Filter>Header Files</Filter>
    </ClInclude>
    <ClInclude Include="entity.h">
      <Filter>Header Files</Filter>
    </ClInclude>
    <ClInclude Include="level.h">
      <Filter>Header Files</Filter>
    </ClInclude>
    <ClInclude Include="definitions.h">
      <Filter>Header Files</Filter>
    </ClInclude>
    <ClInclude Include="item.h">
      <Filter>Header Files</Filter>
    </ClInclude>
    <ClInclude Include="stat.h">
      <Filter>Header Files</Filter>
    </ClInclude>
    <ClInclude Include="enemy.h">
      <Filter>Header Files</Filter>
    </ClInclude>
    <ClInclude Include="fileio.h">
      <Filter>Header Files</Filter>
    </ClInclude>
    <ClInclude Include="player.h">
      <Filter>Header Files</Filter>
    </ClInclude>
    <ClInclude Include="menu.h">
      <Filter>Header Files</Filter>
    </ClInclude>
    <ClInclude Include="consumables.h">
      <Filter>Header Files</Filter>
    </ClInclude>
  </ItemGroup>
  <ItemGroup>
    <Text Include="..\res\MapData\RoomData\00.txt">
      <Filter>Resource Files\MapData\RoomData</Filter>
    </Text>
    <Text Include="..\res\MapData\RoomData\01.txt">
      <Filter>Resource Files\MapData\RoomData</Filter>
    </Text>
    <Text Include="..\res\MapData\FloorData\Floor1.txt">
      <Filter>Resource Files\MapData\FloorData</Filter>
    </Text>
    <Text Include="..\res\MapData\FloorData\Floor2.txt">
      <Filter>Resource Files\MapData\FloorData</Filter>
    </Text>
    <Text Include="..\res\MapData\FloorData\Floor3.txt">
      <Filter>Resource Files\MapData\FloorData</Filter>
    </Text>
    <Text Include="..\res\MapData\FloorData\Floor4.txt">
      <Filter>Resource Files\MapData\FloorData</Filter>
    </Text>
    <Text Include="..\res\MapData\FloorData\Floor5.txt">
      <Filter>Resource Files\MapData\FloorData</Filter>
    </Text>
    <Text Include="..\res\MapData\RoomData\02.txt">
      <Filter>Resource Files\MapData\RoomData</Filter>
    </Text>
    <Text Include="..\res\MapData\RoomData\03.txt">
      <Filter>Resource Files\MapData\RoomData</Filter>
    </Text>
    <Text Include="..\res\MapData\RoomData\04.txt">
      <Filter>Resource Files\MapData\RoomData</Filter>
    </Text>
    <Text Include="..\res\MapData\RoomData\05.txt">
      <Filter>Resource Files\MapData\RoomData</Filter>
    </Text>
  </ItemGroup>
  <ItemGroup>
    <None Include="..\res\SaveData\saves.SAVE">
      <Filter>Resource Files\SaveData</Filter>
    </None>
  </ItemGroup>
</Project>