<?xml version="1.0" encoding="utf-8"?>
<Project ToolsVersion="4.0" xmlns="http://schemas.microsoft.com/developer/msbuild/2003">
  <ItemGroup>
    <Filter Include="Source Files">
      <UniqueIdentifier>{4FC737F1-C7A5-4376-A066-2A32D752A2FF}</UniqueIdentifier>
      <Extensions>cpp;c;cc;cxx;def;odl;idl;hpj;bat;asm;asmx</Extensions>
    </Filter>
    <Filter Include="Header Files">
      <UniqueIdentifier>{93995380-89BD-4b04-88EB-625FBE52EBFB}</UniqueIdentifier>
      <Extensions>h;hpp;hxx;hm;inl;inc;xsd</Extensions>
    </Filter>
    <Filter Include="Resource Files">
      <UniqueIdentifier>{67DA6AB6-F800-4c08-8B7A-83BB121AAD01}</UniqueIdentifier>
      <Extensions>rc;ico;cur;bmp;dlg;rc2;rct;bin;rgs;gif;jpg;jpeg;jpe;resx;tiff;tif;png;wav;mfcribbon-ms</Extensions>
    </Filter>
    <Filter Include="Header Files\Framework">
      <UniqueIdentifier>{07667b27-3d02-4514-a465-3fd8b26758ff}</UniqueIdentifier>
    </Filter>
    <Filter Include="Source Files\Framework">
      <UniqueIdentifier>{37c19c94-9502-4b2b-b3f1-70fa908b49af}</UniqueIdentifier>
    </Filter>
    <Filter Include="Resource Files\MapData">
      <UniqueIdentifier>{815a660e-ee27-4943-b921-7e14c1e1dd3e}</UniqueIdentifier>
    </Filter>
    <Filter Include="Resource Files\SaveData">
      <UniqueIdentifier>{4633633a-1808-4416-a86e-4475772cc229}</UniqueIdentifier>
    </Filter>
    <Filter Include="Resource Files\MapData\FloorData">
      <UniqueIdentifier>{34450117-4685-403f-8f9e-35ce42999873}</UniqueIdentifier>
    </Filter>
    <Filter Include="Resource Files\MapData\RoomData">
      <UniqueIdentifier>{16fae992-d734-443c-83f6-64f4ad062d66}</UniqueIdentifier>
    </Filter>
    <Filter Include="Resource Files\MapData\FloorData\ItemRooms">
      <UniqueIdentifier>{70bd9d4e-39e1-4939-a77b-cb74244a6698}</UniqueIdentifier>
    </Filter>
    <Filter Include="Resource Files\MapData\FloorData\NormalRooms">
      <UniqueIdentifier>{a67f3b44-dd4a-4e69-aa63-691ea963affa}</UniqueIdentifier>
    </Filter>
    <Filter Include="Resource Files\MapData\RoomData\ItemRooms">
      <UniqueIdentifier>{8cc2cacf-37f3-492a-aa29-3539c570e7b3}</UniqueIdentifier>
    </Filter>
    <Filter Include="Resource Files\MapData\RoomData\NormalRooms">
      <UniqueIdentifier>{08b93761-b9c6-462a-993d-c61b5e4a9982}</UniqueIdentifier>
    </Filter>
  </ItemGroup>
  <ItemGroup>
    <ClCompile Include="main.cpp">
      <Filter>Source Files</Filter>
    </ClCompile>
    <ClCompile Include="Framework\console.cpp">
      <Filter>Source Files\Framework</Filter>
    </ClCompile>
    <ClCompile Include="Framework\timer.cpp">
      <Filter>Source Files\Framework</Filter>
    </ClCompile>
    <ClCompile Include="game.cpp">
      <Filter>Source Files</Filter>
    </ClCompile>
    <ClCompile Include="pellet.cpp">
      <Filter>Source Files</Filter>
    </ClCompile>
    <ClCompile Include="entity.cpp">
      <Filter>Source Files</Filter>
    </ClCompile>
    <ClCompile Include="level.cpp">
      <Filter>Source Files</Filter>
    </ClCompile>
    <ClCompile Include="item.cpp">
      <Filter>Source Files</Filter>
    </ClCompile>
    <ClCompile Include="enemy.cpp">
      <Filter>Source Files</Filter>
    </ClCompile>
    <ClCompile Include="fileio.cpp">
      <Filter>Source Files</Filter>
    </ClCompile>
    <ClCompile Include="player.cpp">
      <Filter>Source Files</Filter>
    </ClCompile>
    <ClCompile Include="menu.cpp">
      <Filter>Source Files</Filter>
    </ClCompile>
    <ClCompile Include="consumables.cpp">
      <Filter>Source Files</Filter>
    </ClCompile>
    <ClCompile Include="boss.cpp">
      <Filter>Source Files</Filter>
    </ClCompile>
    <ClCompile Include="trap.cpp">
      <Filter>Source Files</Filter>
    </ClCompile>
  </ItemGroup>
  <ItemGroup>
    <ClInclude Include="Framework\console.h">
      <Filter>Header Files\Framework</Filter>
    </ClInclude>
    <ClInclude Include="Framework\timer.h">
      <Filter>Header Files\Framework</Filter>
    </ClInclude>
    <ClInclude Include="game.h">
      <Filter>Header Files</Filter>
    </ClInclude>
    <ClInclude Include="pellet.h">
      <Filter>Header Files</Filter>
    </ClInclude>
    <ClInclude Include="entity.h">
      <Filter>Header Files</Filter>
    </ClInclude>
    <ClInclude Include="level.h">
      <Filter>Header Files</Filter>
    </ClInclude>
    <ClInclude Include="definitions.h">
      <Filter>Header Files</Filter>
    </ClInclude>
    <ClInclude Include="item.h">
      <Filter>Header Files</Filter>
    </ClInclude>
    <ClInclude Include="enemy.h">
      <Filter>Header Files</Filter>
    </ClInclude>
    <ClInclude Include="fileio.h">
      <Filter>Header Files</Filter>
    </ClInclude>
    <ClInclude Include="player.h">
      <Filter>Header Files</Filter>
    </ClInclude>
    <ClInclude Include="menu.h">
      <Filter>Header Files</Filter>
    </ClInclude>
    <ClInclude Include="consumables.h">
      <Filter>Header Files</Filter>
    </ClInclude>
    <ClInclude Include="stat.h">
      <Filter>Header Files</Filter>
    </ClInclude>
    <ClInclude Include="boss.h">
      <Filter>Header Files</Filter>
    </ClInclude>
    <ClInclude Include="trap.h">
      <Filter>Header Files</Filter>
    </ClInclude>
  </ItemGroup>
  <ItemGroup>
    <Text Include="..\res\MapData\FloorData\ItemRooms\Floor1.txt">
      <Filter>Resource Files\MapData\FloorData\ItemRooms</Filter>
    </Text>
    <Text Include="..\res\MapData\FloorData\ItemRooms\Floor2.txt">
      <Filter>Resource Files\MapData\FloorData\ItemRooms</Filter>
    </Text>
    <Text Include="..\res\MapData\FloorData\ItemRooms\Floor3.txt">
      <Filter>Resource Files\MapData\FloorData\ItemRooms</Filter>
    </Text>
    <Text Include="..\res\MapData\FloorData\ItemRooms\Floor4.txt">
      <Filter>Resource Files\MapData\FloorData\ItemRooms</Filter>
    </Text>
    <Text Include="..\res\MapData\FloorData\ItemRooms\Floor5.txt">
      <Filter>Resource Files\MapData\FloorData\ItemRooms</Filter>
    </Text>
    <Text Include="..\res\MapData\FloorData\NormalRooms\Floor1.txt">
      <Filter>Resource Files\MapData\FloorData\NormalRooms</Filter>
    </Text>
    <Text Include="..\res\MapData\FloorData\NormalRooms\Floor2.txt">
      <Filter>Resource Files\MapData\FloorData\NormalRooms</Filter>
    </Text>
    <Text Include="..\res\MapData\FloorData\NormalRooms\Floor3.txt">
      <Filter>Resource Files\MapData\FloorData\NormalRooms</Filter>
    </Text>
    <Text Include="..\res\MapData\FloorData\NormalRooms\Floor4.txt">
      <Filter>Resource Files\MapData\FloorData\NormalRooms</Filter>
    </Text>
    <Text Include="..\res\MapData\FloorData\NormalRooms\Floor5.txt">
      <Filter>Resource Files\MapData\FloorData\NormalRooms</Filter>
    </Text>
    <Text Include="..\res\MapData\RoomData\ItemRooms\00.txt">
      <Filter>Resource Files\MapData\RoomData\ItemRooms</Filter>
    </Text>
    <Text Include="..\res\MapData\RoomData\ItemRooms\0b.txt">
      <Filter>Resource Files\MapData\RoomData\ItemRooms</Filter>
    </Text>
    <Text Include="..\res\MapData\RoomData\ItemRooms\0e.txt">
      <Filter>Resource Files\MapData\RoomData\ItemRooms</Filter>
    </Text>
    <Text Include="..\res\MapData\RoomData\ItemRooms\0f.txt">
      <Filter>Resource Files\MapData\RoomData\ItemRooms</Filter>
    </Text>
    <Text Include="..\res\MapData\RoomData\ItemRooms\06.txt">
      <Filter>Resource Files\MapData\RoomData\ItemRooms</Filter>
    </Text>
    <Text Include="..\res\MapData\RoomData\NormalRooms\0a.txt">
      <Filter>Resource Files\MapData\RoomData\NormalRooms</Filter>
    </Text>
    <Text Include="..\res\MapData\RoomData\NormalRooms\0c.txt">
      <Filter>Resource Files\MapData\RoomData\NormalRooms</Filter>
    </Text>
    <Text Include="..\res\MapData\RoomData\NormalRooms\0d.txt">
      <Filter>Resource Files\MapData\RoomData\NormalRooms</Filter>
    </Text>
    <Text Include="..\res\MapData\RoomData\NormalRooms\01.txt">
      <Filter>Resource Files\MapData\RoomData\NormalRooms</Filter>
    </Text>
    <Text Include="..\res\MapData\RoomData\NormalRooms\02.txt">
      <Filter>Resource Files\MapData\RoomData\NormalRooms</Filter>
    </Text>
    <Text Include="..\res\MapData\RoomData\NormalRooms\03.txt">
      <Filter>Resource Files\MapData\RoomData\NormalRooms</Filter>
    </Text>
    <Text Include="..\res\MapData\RoomData\NormalRooms\04.txt">
      <Filter>Resource Files\MapData\RoomData\NormalRooms</Filter>
    </Text>
    <Text Include="..\res\MapData\RoomData\NormalRooms\05.txt">
      <Filter>Resource Files\MapData\RoomData\NormalRooms</Filter>
    </Text>
    <Text Include="..\res\MapData\RoomData\NormalRooms\07.txt">
      <Filter>Resource Files\MapData\RoomData\NormalRooms</Filter>
    </Text>
    <Text Include="..\res\MapData\RoomData\NormalRooms\08.txt">
      <Filter>Resource Files\MapData\RoomData\NormalRooms</Filter>
    </Text>
    <Text Include="..\res\MapData\RoomData\NormalRooms\09.txt">
      <Filter>Resource Files\MapData\RoomData\NormalRooms</Filter>
    </Text>
    <Text Include="..\res\MapData\RoomData\NormalRooms\10.txt">
      <Filter>Resource Files\MapData\RoomData\NormalRooms</Filter>
    </Text>
    <Text Include="..\res\MapData\RoomData\NormalRooms\11.txt">
      <Filter>Resource Files\MapData\RoomData\NormalRooms</Filter>
    </Text>
    <Text Include="..\res\MapData\RoomData\NormalRooms\12.txt">
      <Filter>Resource Files\MapData\RoomData\NormalRooms</Filter>
    </Text>
    <Text Include="..\res\MapData\RoomData\NormalRooms\13.txt">
      <Filter>Resource Files\MapData\RoomData\NormalRooms</Filter>
    </Text>
    <Text Include="..\res\MapData\RoomData\NormalRooms\14.txt">
      <Filter>Resource Files\MapData\RoomData\NormalRooms</Filter>
    </Text>
    <Text Include="..\res\MapData\RoomData\ItemRooms\15.txt">
      <Filter>Resource Files\MapData\RoomData\ItemRooms</Filter>
    </Text>
    <Text Include="..\res\MapData\RoomData\NormalRooms\16.txt">
      <Filter>Resource Files\MapData\RoomData\NormalRooms</Filter>
    </Text>
    <Text Include="..\res\MapData\RoomData\NormalRooms\17.txt">
      <Filter>Resource Files\MapData\RoomData\NormalRooms</Filter>
    </Text>
    <Text Include="..\res\MapData\RoomData\NormalRooms\18.txt">
      <Filter>Resource Files\MapData\RoomData\NormalRooms</Filter>
    </Text>
    <Text Include="..\res\MapData\RoomData\ItemRooms\19.txt">
      <Filter>Resource Files\MapData\RoomData\ItemRooms</Filter>
    </Text>
    <Text Include="..\res\MapData\RoomData\NormalRooms\1a.txt">
      <Filter>Resource Files\MapData\RoomData\NormalRooms</Filter>
    </Text>
    <Text Include="..\res\MapData\RoomData\NormalRooms\1b.txt">
      <Filter>Resource Files\MapData\RoomData\NormalRooms</Filter>
    </Text>
    <Text Include="..\res\MapData\RoomData\NormalRooms\1c.txt">
      <Filter>Resource Files\MapData\RoomData\NormalRooms</Filter>
    </Text>
    <Text Include="..\res\MapData\RoomData\ItemRooms\1d.txt">
      <Filter>Resource Files\MapData\RoomData\ItemRooms</Filter>
    </Text>
    <Text Include="..\res\SaveData\options.txt">
      <Filter>Resource Files\SaveData</Filter>
    </Text>
    <Text Include="..\res\SaveData\saves.txt">
      <Filter>Resource Files\SaveData</Filter>
    </Text>
    <Text Include="..\res\MapData\RoomData\NormalRooms\1e.txt">
      <Filter>Resource Files\MapData\RoomData\NormalRooms</Filter>
    </Text>
    <Text Include="..\res\MapData\RoomData\ItemRooms\1f.txt">
      <Filter>Resource Files\MapData\RoomData\ItemRooms</Filter>
    </Text>
    <Text Include="..\res\MapData\RoomData\NormalRooms\20.txt">
      <Filter>Resource Files\MapData\RoomData\NormalRooms</Filter>
    </Text>
    <Text Include="..\res\MapData\RoomData\NormalRooms\21.txt">
      <Filter>Resource Files\MapData\RoomData\NormalRooms</Filter>
    </Text>
    <Text Include="..\res\MapData\RoomData\NormalRooms\22.txt">
      <Filter>Resource Files\MapData\RoomData\NormalRooms</Filter>
    </Text>
    <Text Include="..\res\MapData\RoomData\NormalRooms\23.txt">
      <Filter>Resource Files\MapData\RoomData\NormalRooms</Filter>
    </Text>
    <Text Include="..\res\MapData\RoomData\ItemRooms\24.txt">
      <Filter>Resource Files\MapData\RoomData\ItemRooms</Filter>
    </Text>
    <Text Include="..\res\MapData\RoomData\NormalRooms\25.txt">
      <Filter>Resource Files\MapData\RoomData\NormalRooms</Filter>
    </Text>
    <Text Include="..\res\MapData\RoomData\NormalRooms\26.txt">
      <Filter>Resource Files\MapData\RoomData\NormalRooms</Filter>
    </Text>
    <Text Include="..\res\MapData\RoomData\ItemRooms\27.txt">
      <Filter>Resource Files\MapData\RoomData\ItemRooms</Filter>
    </Text>
    <Text Include="..\res\MapData\RoomData\NormalRooms\28.txt">
      <Filter>Resource Files\MapData\RoomData\NormalRooms</Filter>
    </Text>
    <Text Include="..\res\MapData\RoomData\ItemRooms\29.txt">
      <Filter>Resource Files\MapData\RoomData\ItemRooms</Filter>
    </Text>
    <Text Include="..\res\MapData\RoomData\NormalRooms\2a.txt">
      <Filter>Resource Files\MapData\RoomData\NormalRooms</Filter>
    </Text>
    <Text Include="..\res\MapData\RoomData\NormalRooms\2b.txt">
      <Filter>Resource Files\MapData\RoomData\NormalRooms</Filter>
    </Text>
    <Text Include="..\res\MapData\RoomData\NormalRooms\2c.txt">
      <Filter>Resource Files\MapData\RoomData\NormalRooms</Filter>
    </Text>
    <Text Include="..\res\MapData\RoomData\ItemRooms\2d.txt">
      <Filter>Resource Files\MapData\RoomData\ItemRooms</Filter>
    </Text>
    <Text Include="..\res\MapData\RoomData\NormalRooms\2e.txt">
      <Filter>Resource Files\MapData\RoomData\NormalRooms</Filter>
    </Text>
    <Text Include="..\res\MapData\RoomData\NormalRooms\2f.txt">
      <Filter>Resource Files\MapData\RoomData\NormalRooms</Filter>
    </Text>
    <Text Include="..\res\MapData\RoomData\ItemRooms\30.txt">
      <Filter>Resource Files\MapData\RoomData\ItemRooms</Filter>
    </Text>
    <Text Include="..\res\MapData\RoomData\NormalRooms\31.txt">
      <Filter>Resource Files\MapData\RoomData\NormalRooms</Filter>
    </Text>
  </ItemGroup>
</Project>